
Microsoft Visual Studio Solution File, Format Version 12.00
# Visual Studio 14
VisualStudioVersion = 14.0.25123.0
MinimumVisualStudioVersion = 10.0.40219.1
Project("{2150E333-8FDC-42A3-9474-1A3956D46DE8}") = "Solution Items", "Solution Items", "{6AD6DAAC-47B5-41A0-9E7C-27C65CC01BC3}"
	ProjectSection(SolutionItems) = preProject
		Demo.cs = Demo.cs
	EndProjectSection
EndProject
Project("{FAE04EC0-301F-11D3-BF4B-00C04F79EFBC}") = "ConsoleApplication1", "ConsoleApplication1\ConsoleApplication1.csproj", "{AD147CB9-601C-4C4B-8845-8B3495B5C595}"
EndProject
Global
	GlobalSection(SolutionConfigurationPlatforms) = preSolution
		Debug|Any CPU = Debug|Any CPU
		Release|Any CPU = Release|Any CPU
	EndGlobalSection
	GlobalSection(ProjectConfigurationPlatforms) = postSolution
		{AD147CB9-601C-4C4B-8845-8B3495B5C595}.Debug|Any CPU.ActiveCfg = Debug|Any CPU
		{AD147CB9-601C-4C4B-8845-8B3495B5C595}.Debug|Any CPU.Build.0 = Debug|Any CPU
		{AD147CB9-601C-4C4B-8845-8B3495B5C595}.Release|Any CPU.ActiveCfg = Release|Any CPU
		{AD147CB9-601C-4C4B-8845-8B3495B5C595}.Release|Any CPU.Build.0 = Release|Any CPU
	EndGlobalSection
	GlobalSection(SolutionProperties) = preSolution
		HideSolutionNode = FALSE
	EndGlobalSection
	GlobalSection(ExtensibilityGlobals) = postSolution
		SolutionGuid = {0C913F9C-11B6-411F-8299-CF9CB8BCEC0B}
	EndGlobalSection
EndGlobal
